
Microsoft Visual Studio Solution File, Format Version 12.00
# Visual Studio Version 17
VisualStudioVersion = 17.2.32526.322
MinimumVisualStudioVersion = 10.0.40219.1
Project("{9A19103F-16F7-4668-BE54-9A1E7A4F7556}") = "FluentValidationApp.Web", "FluentValidationApp.Web\FluentValidationApp.Web.csproj", "{4B06FFD4-7944-4F3F-8D20-C5E3F983E5B8}"
EndProject
Project("{2150E333-8FDC-42A3-9474-1A3956D46DE8}") = "Solution Items", "Solution Items", "{1BF5698F-B34D-418A-AD0E-AA65EA239CD1}"
	ProjectSection(SolutionItems) = preProject
		Notes.txt = Notes.txt
	EndProjectSection
EndProject
Global
	GlobalSection(SolutionConfigurationPlatforms) = preSolution
		Debug|Any CPU = Debug|Any CPU
		Release|Any CPU = Release|Any CPU
	EndGlobalSection
	GlobalSection(ProjectConfigurationPlatforms) = postSolution
		{4B06FFD4-7944-4F3F-8D20-C5E3F983E5B8}.Debug|Any CPU.ActiveCfg = Debug|Any CPU
		{4B06FFD4-7944-4F3F-8D20-C5E3F983E5B8}.Debug|Any CPU.Build.0 = Debug|Any CPU
		{4B06FFD4-7944-4F3F-8D20-C5E3F983E5B8}.Release|Any CPU.ActiveCfg = Release|Any CPU
		{4B06FFD4-7944-4F3F-8D20-C5E3F983E5B8}.Release|Any CPU.Build.0 = Release|Any CPU
	EndGlobalSection
	GlobalSection(SolutionProperties) = preSolution
		HideSolutionNode = FALSE
	EndGlobalSection
	GlobalSection(ExtensibilityGlobals) = postSolution
		SolutionGuid = {B4FF677B-A492-42C8-84BF-9DFB1825330D}
	EndGlobalSection
EndGlobal
